
Microsoft Visual Studio Solution File, Format Version 12.00
# Visual Studio Version 17
VisualStudioVersion = 17.8.34004.107
MinimumVisualStudioVersion = 10.0.40219.1
Project("{FAE04EC0-301F-11D3-BF4B-00C04F79EFBC}") = "Examen", "Examen\Examen.csproj", "{A8B2B7B3-D490-4ED3-AC2E-55248C14586A}"
EndProject
Global
	GlobalSection(SolutionConfigurationPlatforms) = preSolution
		Debug|Any CPU = Debug|Any CPU
		Release|Any CPU = Release|Any CPU
	EndGlobalSection
	GlobalSection(ProjectConfigurationPlatforms) = postSolution
		{A8B2B7B3-D490-4ED3-AC2E-55248C14586A}.Debug|Any CPU.ActiveCfg = Debug|Any CPU
		{A8B2B7B3-D490-4ED3-AC2E-55248C14586A}.Debug|Any CPU.Build.0 = Debug|Any CPU
		{A8B2B7B3-D490-4ED3-AC2E-55248C14586A}.Release|Any CPU.ActiveCfg = Release|Any CPU
		{A8B2B7B3-D490-4ED3-AC2E-55248C14586A}.Release|Any CPU.Build.0 = Release|Any CPU
	EndGlobalSection
	GlobalSection(SolutionProperties) = preSolution
		HideSolutionNode = FALSE
	EndGlobalSection
	GlobalSection(ExtensibilityGlobals) = postSolution
		SolutionGuid = {42E841B2-0765-48DB-9048-ED181D502EC8}
	EndGlobalSection
EndGlobal
